github.com/bytedance/sonic v1.9.1 h1:6iJ6NqdoxCDr6mbY8h18oSO+cjC2TLpgR8T4QM5jO/E=
github.com/bytedance/sonic v1.9.1/go.mod h1:i736AoUSYt75HyZLoJW9ERYxcy6eaN6h4BZXU064P/U=
github.com/chenzhuoyu/base64x v0.0.0-20221115062448-fe3a3abad311 h1:qSGYFH7+jGhDF8vLC+iwCD4WpbV1EBDSzWkJODFLams=
github.com/chenzhuoyu/base64x v0.0.0-20221115062448-fe3a3abad311/go.mod h1:b583jCggY9gE99b6G5LEC39OIiVsWn+3N8Md5pGkPco=
github.com/gabriel-vasile/mimetype v1.4.2 h1:w5qFW6JhQTk4j9bhyS4j1E0OBYqpLp6Wj0/0JSC1sg=
github.com/gabriel-vasile/mimetype v1.4.2/go.mod h1:z1psE/jxoAB558hYQK0CqYcFIdw8NMz5Xw2JgHEzLc4=
github.com/gin-contrib/sse v0.1.0 h1:Y/yl/+bNO1wG4hXYkpJFBiLMRKhIsS1IipOEa9uuFtg=
github.com/gin-contrib/sse v0.1.0/go.mod h1:RHrZQHXnP2xojPFUuGF3eF3BvfqGL7z0xJcTQ4uUOc=
github.com/gin-gonic/gin v1.9.1 h1:4idEAncQnU2cQ5AOi8lMN7HEB1R4sKVceFvFwkMkcG0=
github.com/gin-gonic/gin v1.9.1/go.mod h1:hPrL/2P1oXuD5Q7R6vaGR4jcbQb0Mo6tR3i0cKnm2jo=
github.com/go-playground/locales v0.14.1 h1:EWaQ/gsvd6cMkY5NFQccNu0CJa4K7G9Tz/Yl8F+OqE=
github.com/go-playground/locales v0.14.1/go.mod h1:hxrqLVvrK65+Rwrd5Fw5RtMTiArD5T4Qf0r7JHzs1Yc=
github.com/go-playground/universal-translator v0.18.1 h1:Bcnm0ZwsGyWbCzImXv/pAJnYK9S722LQ6IJBRIvEwA=
github.com/go-playground/universal-translator v0.18.1/go.mod h1:xekY+UJKNuixOdqY3JFuEiEwk5Y6S6dVue9rkIiOL0=
github.com/go-playground/validator/v10 v10.14.0 h1:vgvQWe3XCz3tEJQT/cVdFBf9qN7r5m1j1xP3K4eRP0=
github.com/go-playground/validator/v10 v10.14.0/go.mod h1:9iBMFG1xtIFgeE2Xe7MIm8fQx5d9d+SCkfF/4f7T1I=
github.com/goccy/go-json v0.10.2 h1:CrxCmQqYDkv1z7lO7Wbh2HN93uovUHgrECaO5ZrCXAU=
github.com/goccy/go-json v0.10.2/go.mod h1:6MelG2G5jYhYo6X+T3P4bBLJxO0zC1Fz5HARq7J3Xc=
github.com/gorilla/websocket v1.5.1 h1:gm7tUt2glU7XMFaH9Y2IYh2Y3PH8Mob2yI6ZcVqJ4E=
github.com/gorilla/websocket v1.5.1/go.mod h1:x3kM2JqlalPkZKqYyBSaEGO5+U6n9M7ZzwEM4VwKds=
github.com/json-iterator/go v1.1.12 h1:PV8peI4a0ysnczrg+LtxykD8oS2e7CwOh0Z1bVVA2O=
github.com/json-iterator/go v1.1.12/go.mod h1:e30LSqwooZaeUwlEi5pqHVhOqH2u5/4lii9+QonA6o=
github.com/klauspost/cpuid/v2 v2.2.4 h1:acbojRNtSr4S5sg6/prVZRhflQeF5wQbmYs0YQx68M=
github.com/klauspost/cpuid/v2 v2.2.4/go.mod h1:RVVoqg1df56z8g3pUjL/3lE5UfnlmBSy7BxsI3orHC=
github.com/leodido/go-urn v1.2.4 h1:XlFE/cm/z3v6VTpBYsyY0LdHpB3wJwcrfQyQ1r8Ef0=
github.com/leodido/go-urn v1.2.4/go.mod h1:7ZrI8mT4tCN4qRD9q7ZHr4G6JutmktC64WsVa1ID5zc=
github.com/lib/pq v1.10.9 h1:YXG7RB+JIjhP29XuO6gH4G0XlA0q3Xvls7nVrqd+IqY=
github.com/lib/pq v1.10.9/go.mod h1:AlVN5x4E4T544tWzH6hKFbGRn7nb5quESphwT3lOm0=
github.com/mattn/go-isatty v0.0.19 h1:JITubQfTAlDTl9K3Sy7bRNbBV5H7Jk2n8fBr6dFleE=
github.com/mattn/go-isatty v0.0.19/go.mod h1:W+OGohKv2Z6RV5f5dHxsqrWtXi/flI0BF5mYJ2iAOI=
github.com/modern-go/concurrent v0.0.0-20180306012644-bacd9c7ef1dd h1:TRLaZ9fL0H5tFHNbYSndOcLRoDJ3mS7V5GBgB68rBk=
github.com/modern-go/concurrent v0.0.0-20180306012644-bacd9c7ef1dd/go.mod h1:6dJC0mAP4ikYI9ML2dip2E9oUHDo0FgM5W4l7d3XTI=
github.com/modern-go/reflect2 v1.0.2 h1:xBagoLtFs94BKkMq2YIjTMVTx5sKI6jqv/MhhoLDYg=
github.com/modern-go/reflect2 v1.0.2/go.mod h1:yWuevngMOJpCy52FWWMvUC8ws7m/LJsjYzDa0/r8luk=
github.com/pelletier/go-toml/v2 v2.0.8 h1:qctc3tvjVbeQFw0aEPXsiJgCMpTRqMaTnPHJf26Gaw=
github.com/pelletier/go-toml/v2 v2.0.8/go.mod h1:vuYfssBdrU2XDZ9bQyd2q7H9a3LQY9xSLqYiLq6N3k=
github.com/prometheus/client_golang v1.16.0 h1:yk8ygKQNcd3OU3Z2+Fn9yyJ5Z0mJdMTDfWMoGjRrB2M=
github.com/prometheus/client_golang v1.16.0/go.mod h1:0/Rt6M5q3ac3m7UrkbLAx9bh4Vnq0o8QaKhcLmVTxXk=
github.com/twitchyliquid64/golang-asm v0.15.1 h1:pgnP9g4SRgR9MP9AxoIH6L7A7z7z8Mw muchIA9Y55H0=
github.com/twitchyliquid64/golang-asm v0.15.1/go.mod h1:a1lVb/DKHHV6B5UpxnhfY9zSYF4r4x9fHepb1kMhH1U=
github.com/ugorji/go/codec v1.2.11 h1:BMaWp1Bb6fHwEtbpl8Ih3n/8S7NT2jxCcN4d1r+gChE=
github.com/ugorji/go/codec v1.2.11/go.mod h1:UNopzG6ZLgR2Z9UPwXzWOFnBzDPY6Dl+BpM2y0iTmI=
golang.org/x/arch v0.3.0 h1:02VY4/ZcO/gBOH6PUaokkC+9kH2we7EgNPiUkX6z2I=
golang.org/x/arch v0.3.0/go.mod h1:5om86z9Hs0C8fWVUuoMHwpExlXzs5Tkyp7hKPl2r1w=
golang.org/x/crypto v0.14.0 h1:D8U34q1Byuxvyvd3jx7z0w9zmF0M5zeU6MT3u0yQ0K4=
golang.org/x/crypto v0.14.0/go.mod h1:6Qk9Q0m8TT8jJHR9h80WYlHxIRHjKT+ZVaFCLZMtsk=
golang.org/x/net v0.17.0 h1:pNRMVSZ6Y5U9M6eb4dGp2a+2dGd4LF3DoL10f9x9WGw=
golang.org/x/net v0.17.0/go.mod h1:0GQB91lAc40B9Zzm6mMBZ7bqC0QW1Iiajxso3x5tJno=
golang.org/x/sys v0.13.0 h1:3885g3wdQ795D6fO9MT5Y3l9gt8ns65BPbY6l3SGSb0=
golang.org/x/sys v0.13.0/go.mod h1:oPkhp1MJrh7nUepCBck5+mAzfO9J1Ap2f0t1uFLVMs=
golang.org/x/text v0.13.0 h1:Ub2GYE1XQFC5idEOls6FJDAxsYByw3XR+cWfd1DIJno=
golang.org/x/text v0.13.0/go.mod h1:HVjV1oPJW2Pm2Z9RQ5Sk2VhZ5QIuRi2pmh1Oo0KzKQ=
google.golang.org/protobuf v1.30.0 h1:kPPoIgf2TsEV6JX7k1S9QiQk9JN5Ujkd2qXnHGRVfJA=
google.golang.org/protobuf v1.30.0/go.mod h1:HV8Q1/K6q0R1k8h1Z5lOthYgigoh0PtK1c7pPs7fYjI=
gopkg.in/yaml.v3 v3.0.1 h1:fxVm/GzAzEWqLHuvctI91KS9hhNdmWOdWpf3XL3n6M=
gopkg.in/yaml.v3 v3.0.1/go.mod h1:K4uyk7z7B6U1q1b91DkEWmT6pe7P3xU9P8Z9S7gV4zI=
